
Microsoft Visual Studio Solution File, Format Version 12.00
# Visual Studio 2017
Project("{FAE04EC0-301F-11D3-BF4B-00C04F79EFBC}") = "MP2.1", "MP2.1.csproj", "{8FEDF325-D1B4-6911-C506-B0FC63BEE849}"
EndProject
Global
	GlobalSection(SolutionConfigurationPlatforms) = preSolution
		Debug|Any CPU = Debug|Any CPU
		Release|Any CPU = Release|Any CPU
	EndGlobalSection
	GlobalSection(ProjectConfigurationPlatforms) = postSolution
		{8FEDF325-D1B4-6911-C506-B0FC63BEE849}.Debug|Any CPU.ActiveCfg = Debug|Any CPU
		{8FEDF325-D1B4-6911-C506-B0FC63BEE849}.Debug|Any CPU.Build.0 = Debug|Any CPU
		{8FEDF325-D1B4-6911-C506-B0FC63BEE849}.Release|Any CPU.ActiveCfg = Release|Any CPU
		{8FEDF325-D1B4-6911-C506-B0FC63BEE849}.Release|Any CPU.Build.0 = Release|Any CPU
	EndGlobalSection
	GlobalSection(SolutionProperties) = preSolution
		HideSolutionNode = FALSE
	EndGlobalSection
EndGlobal
